// !$*UTF8*$!
{
	archiveVersion = 1;
	classes = {
	};
	objectVersion = 56;
	objects = {

/* Begin PBXBuildFile section */
		F223511F29D8555100111FFD /* Rule.swift in Sources */ = {isa = PBXBuildFile; fileRef = F223511E29D8555100111FFD /* Rule.swift */; };
		F223512129D8555F00111FFD /* Category.swift in Sources */ = {isa = PBXBuildFile; fileRef = F223512029D8555F00111FFD /* Category.swift */; };
		F2404BBE29C0AB100050469E /* AppDelegate.swift in Sources */ = {isa = PBXBuildFile; fileRef = F2404BBD29C0AB100050469E /* AppDelegate.swift */; };
		F2404BC729C0AB130050469E /* Assets.xcassets in Resources */ = {isa = PBXBuildFile; fileRef = F2404BC629C0AB130050469E /* Assets.xcassets */; };
		F2404BCA29C0AB130050469E /* LaunchScreen.storyboard in Resources */ = {isa = PBXBuildFile; fileRef = F2404BC829C0AB130050469E /* LaunchScreen.storyboard */; };
		F264D4B729D8ABD500901B40 /* Texts.swift in Sources */ = {isa = PBXBuildFile; fileRef = F264D4B629D8ABD500901B40 /* Texts.swift */; };
		F2A9B08129D76581004C646B /* AppConfig.swift in Sources */ = {isa = PBXBuildFile; fileRef = F2A9B08029D76581004C646B /* AppConfig.swift */; };
		F2A9B09629D79378004C646B /* GenerateViewModelTests.swift in Sources */ = {isa = PBXBuildFile; fileRef = F2A9B09529D79378004C646B /* GenerateViewModelTests.swift */; };
		F2A9B09D29D79F73004C646B /* GenerateViewModel.swift in Sources */ = {isa = PBXBuildFile; fileRef = F2A9B09C29D79F73004C646B /* GenerateViewModel.swift */; };
		F2A9B0A029D7A6FC004C646B /* GGButton.swift in Sources */ = {isa = PBXBuildFile; fileRef = F2A9B09F29D7A6FC004C646B /* GGButton.swift */; };
		F2B4908C29CF6DF7002E5D8B /* MainTabBarController.swift in Sources */ = {isa = PBXBuildFile; fileRef = F2B4908B29CF6DF7002E5D8B /* MainTabBarController.swift */; };
		F2BBC90E29D09CD2005B1952 /* GenerateViewController.swift in Sources */ = {isa = PBXBuildFile; fileRef = F2BBC90D29D09CD2005B1952 /* GenerateViewController.swift */; };
		F2BBC91129D09D81005B1952 /* LibraryViewController.swift in Sources */ = {isa = PBXBuildFile; fileRef = F2BBC91029D09D81005B1952 /* LibraryViewController.swift */; };
		F2BBC91629D0A9B1005B1952 /* BaseViewController.swift in Sources */ = {isa = PBXBuildFile; fileRef = F2BBC91529D0A9B1005B1952 /* BaseViewController.swift */; };
		F2BBC91D29D0BC45005B1952 /* AppTheme.swift in Sources */ = {isa = PBXBuildFile; fileRef = F2BBC91C29D0BC45005B1952 /* AppTheme.swift */; };
		F2F0DF1F29D88588009AE9DE /* GGLabel.swift in Sources */ = {isa = PBXBuildFile; fileRef = F2F0DF1E29D88588009AE9DE /* GGLabel.swift */; };
/* End PBXBuildFile section */

/* Begin PBXContainerItemProxy section */
		F2A9B09729D79378004C646B /* PBXContainerItemProxy */ = {
			isa = PBXContainerItemProxy;
			containerPortal = F2404BB229C0AB100050469E /* Project object */;
			proxyType = 1;
			remoteGlobalIDString = F2404BB929C0AB100050469E;
			remoteInfo = GenGen;
		};
/* End PBXContainerItemProxy section */

/* Begin PBXFileReference section */
		F223511E29D8555100111FFD /* Rule.swift */ = {isa = PBXFileReference; lastKnownFileType = sourcecode.swift; path = Rule.swift; sourceTree = "<group>"; };
		F223512029D8555F00111FFD /* Category.swift */ = {isa = PBXFileReference; lastKnownFileType = sourcecode.swift; path = Category.swift; sourceTree = "<group>"; };
		F2404BBA29C0AB100050469E /* GenGen.app */ = {isa = PBXFileReference; explicitFileType = wrapper.application; includeInIndex = 0; path = GenGen.app; sourceTree = BUILT_PRODUCTS_DIR; };
		F2404BBD29C0AB100050469E /* AppDelegate.swift */ = {isa = PBXFileReference; lastKnownFileType = sourcecode.swift; path = AppDelegate.swift; sourceTree = "<group>"; };
		F2404BC629C0AB130050469E /* Assets.xcassets */ = {isa = PBXFileReference; lastKnownFileType = folder.assetcatalog; path = Assets.xcassets; sourceTree = "<group>"; };
		F2404BC929C0AB130050469E /* Base */ = {isa = PBXFileReference; lastKnownFileType = file.storyboard; name = Base; path = Base.lproj/LaunchScreen.storyboard; sourceTree = "<group>"; };
		F2404BCB29C0AB130050469E /* Info.plist */ = {isa = PBXFileReference; lastKnownFileType = text.plist.xml; path = Info.plist; sourceTree = "<group>"; };
		F24265B729C0B57800B16F5F /* Config.xcconfig */ = {isa = PBXFileReference; lastKnownFileType = text.xcconfig; path = Config.xcconfig; sourceTree = "<group>"; };
		F24265B829C0B5AA00B16F5F /* ConfigDebug.xcconfig */ = {isa = PBXFileReference; lastKnownFileType = text.xcconfig; path = ConfigDebug.xcconfig; sourceTree = "<group>"; };
		F24265B929C0B5BF00B16F5F /* ConfigRelease.xcconfig */ = {isa = PBXFileReference; lastKnownFileType = text.xcconfig; path = ConfigRelease.xcconfig; sourceTree = "<group>"; };
		F264D4B629D8ABD500901B40 /* Texts.swift */ = {isa = PBXFileReference; lastKnownFileType = sourcecode.swift; path = Texts.swift; sourceTree = "<group>"; };
		F2A9B08029D76581004C646B /* AppConfig.swift */ = {isa = PBXFileReference; lastKnownFileType = sourcecode.swift; path = AppConfig.swift; sourceTree = "<group>"; };
		F2A9B09329D79377004C646B /* GenGenTests.xctest */ = {isa = PBXFileReference; explicitFileType = wrapper.cfbundle; includeInIndex = 0; path = GenGenTests.xctest; sourceTree = BUILT_PRODUCTS_DIR; };
		F2A9B09529D79378004C646B /* GenerateViewModelTests.swift */ = {isa = PBXFileReference; lastKnownFileType = sourcecode.swift; path = GenerateViewModelTests.swift; sourceTree = "<group>"; };
		F2A9B09C29D79F73004C646B /* GenerateViewModel.swift */ = {isa = PBXFileReference; lastKnownFileType = sourcecode.swift; path = GenerateViewModel.swift; sourceTree = "<group>"; };
		F2A9B09F29D7A6FC004C646B /* GGButton.swift */ = {isa = PBXFileReference; lastKnownFileType = sourcecode.swift; path = GGButton.swift; sourceTree = "<group>"; };
		F2B4908B29CF6DF7002E5D8B /* MainTabBarController.swift */ = {isa = PBXFileReference; lastKnownFileType = sourcecode.swift; path = MainTabBarController.swift; sourceTree = "<group>"; };
		F2BBC90D29D09CD2005B1952 /* GenerateViewController.swift */ = {isa = PBXFileReference; lastKnownFileType = sourcecode.swift; path = GenerateViewController.swift; sourceTree = "<group>"; };
		F2BBC91029D09D81005B1952 /* LibraryViewController.swift */ = {isa = PBXFileReference; lastKnownFileType = sourcecode.swift; path = LibraryViewController.swift; sourceTree = "<group>"; };
		F2BBC91529D0A9B1005B1952 /* BaseViewController.swift */ = {isa = PBXFileReference; lastKnownFileType = sourcecode.swift; path = BaseViewController.swift; sourceTree = "<group>"; };
		F2BBC91C29D0BC45005B1952 /* AppTheme.swift */ = {isa = PBXFileReference; lastKnownFileType = sourcecode.swift; path = AppTheme.swift; sourceTree = "<group>"; };
		F2F0DF1E29D88588009AE9DE /* GGLabel.swift */ = {isa = PBXFileReference; lastKnownFileType = sourcecode.swift; path = GGLabel.swift; sourceTree = "<group>"; };
/* End PBXFileReference section */

/* Begin PBXFrameworksBuildPhase section */
		F2404BB729C0AB100050469E /* Frameworks */ = {
			isa = PBXFrameworksBuildPhase;
			buildActionMask = 2147483647;
			files = (
			);
			runOnlyForDeploymentPostprocessing = 0;
		};
		F2A9B09029D79377004C646B /* Frameworks */ = {
			isa = PBXFrameworksBuildPhase;
			buildActionMask = 2147483647;
			files = (
			);
			runOnlyForDeploymentPostprocessing = 0;
		};
/* End PBXFrameworksBuildPhase section */

/* Begin PBXGroup section */
		F2404BB129C0AB100050469E = {
			isa = PBXGroup;
			children = (
				F24265BB29C0DA0000B16F5F /* Configuration */,
				F2404BBC29C0AB100050469E /* GenGen */,
				F2A9B09429D79378004C646B /* GenGenTests */,
				F2404BBB29C0AB100050469E /* Products */,
			);
			sourceTree = "<group>";
		};
		F2404BBB29C0AB100050469E /* Products */ = {
			isa = PBXGroup;
			children = (
				F2404BBA29C0AB100050469E /* GenGen.app */,
				F2A9B09329D79377004C646B /* GenGenTests.xctest */,
			);
			name = Products;
			sourceTree = "<group>";
		};
		F2404BBC29C0AB100050469E /* GenGen */ = {
			isa = PBXGroup;
			children = (
				F2A9B09E29D7A64D004C646B /* CustomViews */,
				F2B4908529CF6C67002E5D8B /* App */,
				F2B4908929CF6DB3002E5D8B /* Modules */,
				F2BBC91429D0A996005B1952 /* Utility */,
				F2404BC629C0AB130050469E /* Assets.xcassets */,
				F2404BC829C0AB130050469E /* LaunchScreen.storyboard */,
				F2404BCB29C0AB130050469E /* Info.plist */,
			);
			path = GenGen;
			sourceTree = "<group>";
		};
		F24265BB29C0DA0000B16F5F /* Configuration */ = {
			isa = PBXGroup;
			children = (
				F24265B929C0B5BF00B16F5F /* ConfigRelease.xcconfig */,
				F24265B829C0B5AA00B16F5F /* ConfigDebug.xcconfig */,
				F24265B729C0B57800B16F5F /* Config.xcconfig */,
			);
			path = Configuration;
			sourceTree = "<group>";
		};
		F2A9B09429D79378004C646B /* GenGenTests */ = {
			isa = PBXGroup;
			children = (
				F2A9B09529D79378004C646B /* GenerateViewModelTests.swift */,
			);
			path = GenGenTests;
			sourceTree = "<group>";
		};
		F2A9B09E29D7A64D004C646B /* CustomViews */ = {
			isa = PBXGroup;
			children = (
				F2A9B09F29D7A6FC004C646B /* GGButton.swift */,
				F2F0DF1E29D88588009AE9DE /* GGLabel.swift */,
			);
			path = CustomViews;
			sourceTree = "<group>";
		};
		F2B4908529CF6C67002E5D8B /* App */ = {
			isa = PBXGroup;
			children = (
				F2404BBD29C0AB100050469E /* AppDelegate.swift */,
				F2A9B08029D76581004C646B /* AppConfig.swift */,
				F2BBC91C29D0BC45005B1952 /* AppTheme.swift */,
				F264D4B629D8ABD500901B40 /* Texts.swift */,
			);
			path = App;
			sourceTree = "<group>";
		};
		F2B4908929CF6DB3002E5D8B /* Modules */ = {
			isa = PBXGroup;
			children = (
				F2B4908A29CF6DB9002E5D8B /* Main */,
				F2BBC90C29D09CB1005B1952 /* Generator */,
				F2BBC90F29D09D62005B1952 /* Library */,
			);
			path = Modules;
			sourceTree = "<group>";
		};
		F2B4908A29CF6DB9002E5D8B /* Main */ = {
			isa = PBXGroup;
			children = (
				F2B4908B29CF6DF7002E5D8B /* MainTabBarController.swift */,
			);
			path = Main;
			sourceTree = "<group>";
		};
		F2BBC90C29D09CB1005B1952 /* Generator */ = {
			isa = PBXGroup;
			children = (
				F2BBC90D29D09CD2005B1952 /* GenerateViewController.swift */,
				F2A9B09C29D79F73004C646B /* GenerateViewModel.swift */,
			);
			path = Generator;
			sourceTree = "<group>";
		};
		F2BBC90F29D09D62005B1952 /* Library */ = {
			isa = PBXGroup;
			children = (
				F2BBC91029D09D81005B1952 /* LibraryViewController.swift */,
				F223511E29D8555100111FFD /* Rule.swift */,
				F223512029D8555F00111FFD /* Category.swift */,
			);
			path = Library;
			sourceTree = "<group>";
		};
		F2BBC91429D0A996005B1952 /* Utility */ = {
			isa = PBXGroup;
			children = (
				F2BBC91529D0A9B1005B1952 /* BaseViewController.swift */,
			);
			path = Utility;
			sourceTree = "<group>";
		};
/* End PBXGroup section */

/* Begin PBXNativeTarget section */
		F2404BB929C0AB100050469E /* GenGen */ = {
			isa = PBXNativeTarget;
			buildConfigurationList = F2404BCE29C0AB130050469E /* Build configuration list for PBXNativeTarget "GenGen" */;
			buildPhases = (
				F2404BB629C0AB100050469E /* Sources */,
				F2404BB729C0AB100050469E /* Frameworks */,
				F2404BB829C0AB100050469E /* Resources */,
			);
			buildRules = (
			);
			dependencies = (
			);
			name = GenGen;
			productName = GenGen;
			productReference = F2404BBA29C0AB100050469E /* GenGen.app */;
			productType = "com.apple.product-type.application";
		};
		F2A9B09229D79377004C646B /* GenGenTests */ = {
			isa = PBXNativeTarget;
			buildConfigurationList = F2A9B09929D79378004C646B /* Build configuration list for PBXNativeTarget "GenGenTests" */;
			buildPhases = (
				F2A9B08F29D79377004C646B /* Sources */,
				F2A9B09029D79377004C646B /* Frameworks */,
				F2A9B09129D79377004C646B /* Resources */,
			);
			buildRules = (
			);
			dependencies = (
				F2A9B09829D79378004C646B /* PBXTargetDependency */,
			);
			name = GenGenTests;
			productName = GenGenTests;
			productReference = F2A9B09329D79377004C646B /* GenGenTests.xctest */;
			productType = "com.apple.product-type.bundle.unit-test";
		};
/* End PBXNativeTarget section */

/* Begin PBXProject section */
		F2404BB229C0AB100050469E /* Project object */ = {
			isa = PBXProject;
			attributes = {
				BuildIndependentTargetsInParallel = 1;
				LastSwiftUpdateCheck = 1420;
				LastUpgradeCheck = 1420;
				TargetAttributes = {
					F2404BB929C0AB100050469E = {
						CreatedOnToolsVersion = 14.2;
					};
					F2A9B09229D79377004C646B = {
						CreatedOnToolsVersion = 14.2;
						TestTargetID = F2404BB929C0AB100050469E;
					};
				};
			};
			buildConfigurationList = F2404BB529C0AB100050469E /* Build configuration list for PBXProject "GenGen" */;
			compatibilityVersion = "Xcode 14.0";
			developmentRegion = en;
			hasScannedForEncodings = 0;
			knownRegions = (
				en,
				Base,
			);
			mainGroup = F2404BB129C0AB100050469E;
			productRefGroup = F2404BBB29C0AB100050469E /* Products */;
			projectDirPath = "";
			projectRoot = "";
			targets = (
				F2404BB929C0AB100050469E /* GenGen */,
				F2A9B09229D79377004C646B /* GenGenTests */,
			);
		};
/* End PBXProject section */

/* Begin PBXResourcesBuildPhase section */
		F2404BB829C0AB100050469E /* Resources */ = {
			isa = PBXResourcesBuildPhase;
			buildActionMask = 2147483647;
			files = (
				F2404BCA29C0AB130050469E /* LaunchScreen.storyboard in Resources */,
				F2404BC729C0AB130050469E /* Assets.xcassets in Resources */,
			);
			runOnlyForDeploymentPostprocessing = 0;
		};
		F2A9B09129D79377004C646B /* Resources */ = {
			isa = PBXResourcesBuildPhase;
			buildActionMask = 2147483647;
			files = (
			);
			runOnlyForDeploymentPostprocessing = 0;
		};
/* End PBXResourcesBuildPhase section */

/* Begin PBXSourcesBuildPhase section */
		F2404BB629C0AB100050469E /* Sources */ = {
			isa = PBXSourcesBuildPhase;
			buildActionMask = 2147483647;
			files = (
				F2BBC91629D0A9B1005B1952 /* BaseViewController.swift in Sources */,
				F223511F29D8555100111FFD /* Rule.swift in Sources */,
				F2A9B09D29D79F73004C646B /* GenerateViewModel.swift in Sources */,
				F2BBC90E29D09CD2005B1952 /* GenerateViewController.swift in Sources */,
				F2B4908C29CF6DF7002E5D8B /* MainTabBarController.swift in Sources */,
				F2A9B08129D76581004C646B /* AppConfig.swift in Sources */,
				F2F0DF1F29D88588009AE9DE /* GGLabel.swift in Sources */,
				F2A9B0A029D7A6FC004C646B /* GGButton.swift in Sources */,
				F2BBC91D29D0BC45005B1952 /* AppTheme.swift in Sources */,
				F2BBC91129D09D81005B1952 /* LibraryViewController.swift in Sources */,
				F2404BBE29C0AB100050469E /* AppDelegate.swift in Sources */,
				F264D4B729D8ABD500901B40 /* Texts.swift in Sources */,
				F223512129D8555F00111FFD /* Category.swift in Sources */,
			);
			runOnlyForDeploymentPostprocessing = 0;
		};
		F2A9B08F29D79377004C646B /* Sources */ = {
			isa = PBXSourcesBuildPhase;
			buildActionMask = 2147483647;
			files = (
				F2A9B09629D79378004C646B /* GenerateViewModelTests.swift in Sources */,
			);
			runOnlyForDeploymentPostprocessing = 0;
		};
/* End PBXSourcesBuildPhase section */

/* Begin PBXTargetDependency section */
		F2A9B09829D79378004C646B /* PBXTargetDependency */ = {
			isa = PBXTargetDependency;
			target = F2404BB929C0AB100050469E /* GenGen */;
			targetProxy = F2A9B09729D79378004C646B /* PBXContainerItemProxy */;
		};
/* End PBXTargetDependency section */

/* Begin PBXVariantGroup section */
		F2404BC829C0AB130050469E /* LaunchScreen.storyboard */ = {
			isa = PBXVariantGroup;
			children = (
				F2404BC929C0AB130050469E /* Base */,
			);
			name = LaunchScreen.storyboard;
			sourceTree = "<group>";
		};
/* End PBXVariantGroup section */

/* Begin XCBuildConfiguration section */
		F2404BCC29C0AB130050469E /* Debug */ = {
			isa = XCBuildConfiguration;
			baseConfigurationReference = F24265B729C0B57800B16F5F /* Config.xcconfig */;
			buildSettings = {
				ALWAYS_SEARCH_USER_PATHS = NO;
				CLANG_ANALYZER_NONNULL = YES;
				CLANG_ANALYZER_NUMBER_OBJECT_CONVERSION = YES_AGGRESSIVE;
				CLANG_CXX_LANGUAGE_STANDARD = "gnu++20";
				CLANG_ENABLE_MODULES = YES;
				CLANG_ENABLE_OBJC_ARC = YES;
				CLANG_ENABLE_OBJC_WEAK = YES;
				CLANG_WARN_BLOCK_CAPTURE_AUTORELEASING = YES;
				CLANG_WARN_BOOL_CONVERSION = YES;
				CLANG_WARN_COMMA = YES;
				CLANG_WARN_CONSTANT_CONVERSION = YES;
				CLANG_WARN_DEPRECATED_OBJC_IMPLEMENTATIONS = YES;
				CLANG_WARN_DIRECT_OBJC_ISA_USAGE = YES_ERROR;
				CLANG_WARN_DOCUMENTATION_COMMENTS = YES;
				CLANG_WARN_EMPTY_BODY = YES;
				CLANG_WARN_ENUM_CONVERSION = YES;
				CLANG_WARN_INFINITE_RECURSION = YES;
				CLANG_WARN_INT_CONVERSION = YES;
				CLANG_WARN_NON_LITERAL_NULL_CONVERSION = YES;
				CLANG_WARN_OBJC_IMPLICIT_RETAIN_SELF = YES;
				CLANG_WARN_OBJC_LITERAL_CONVERSION = YES;
				CLANG_WARN_OBJC_ROOT_CLASS = YES_ERROR;
				CLANG_WARN_QUOTED_INCLUDE_IN_FRAMEWORK_HEADER = YES;
				CLANG_WARN_RANGE_LOOP_ANALYSIS = YES;
				CLANG_WARN_STRICT_PROTOTYPES = YES;
				CLANG_WARN_SUSPICIOUS_MOVE = YES;
				CLANG_WARN_UNGUARDED_AVAILABILITY = YES_AGGRESSIVE;
				CLANG_WARN_UNREACHABLE_CODE = YES;
				CLANG_WARN__DUPLICATE_METHOD_MATCH = YES;
				COPY_PHASE_STRIP = NO;
				DEBUG_INFORMATION_FORMAT = dwarf;
				ENABLE_STRICT_OBJC_MSGSEND = YES;
				ENABLE_TESTABILITY = YES;
				GCC_C_LANGUAGE_STANDARD = gnu11;
				GCC_DYNAMIC_NO_PIC = NO;
				GCC_NO_COMMON_BLOCKS = YES;
				GCC_OPTIMIZATION_LEVEL = 0;
				GCC_PREPROCESSOR_DEFINITIONS = (
					"DEBUG=1",
					"$(inherited)",
				);
				GCC_WARN_64_TO_32_BIT_CONVERSION = YES;
				GCC_WARN_ABOUT_RETURN_TYPE = YES_ERROR;
				GCC_WARN_UNDECLARED_SELECTOR = YES;
				GCC_WARN_UNINITIALIZED_AUTOS = YES_AGGRESSIVE;
				GCC_WARN_UNUSED_FUNCTION = YES;
				GCC_WARN_UNUSED_VARIABLE = YES;
				IPHONEOS_DEPLOYMENT_TARGET = 16.2;
				MTL_ENABLE_DEBUG_INFO = INCLUDE_SOURCE;
				MTL_FAST_MATH = YES;
				ONLY_ACTIVE_ARCH = YES;
				SDKROOT = iphoneos;
				SWIFT_ACTIVE_COMPILATION_CONDITIONS = DEBUG;
				SWIFT_OPTIMIZATION_LEVEL = "-Onone";
			};
			name = Debug;
		};
		F2404BCD29C0AB130050469E /* Release */ = {
			isa = XCBuildConfiguration;
			baseConfigurationReference = F24265B729C0B57800B16F5F /* Config.xcconfig */;
			buildSettings = {
				ALWAYS_SEARCH_USER_PATHS = NO;
				CLANG_ANALYZER_NONNULL = YES;
				CLANG_ANALYZER_NUMBER_OBJECT_CONVERSION = YES_AGGRESSIVE;
				CLANG_CXX_LANGUAGE_STANDARD = "gnu++20";
				CLANG_ENABLE_MODULES = YES;
				CLANG_ENABLE_OBJC_ARC = YES;
				CLANG_ENABLE_OBJC_WEAK = YES;
				CLANG_WARN_BLOCK_CAPTURE_AUTORELEASING = YES;
				CLANG_WARN_BOOL_CONVERSION = YES;
				CLANG_WARN_COMMA = YES;
				CLANG_WARN_CONSTANT_CONVERSION = YES;
				CLANG_WARN_DEPRECATED_OBJC_IMPLEMENTATIONS = YES;
				CLANG_WARN_DIRECT_OBJC_ISA_USAGE = YES_ERROR;
				CLANG_WARN_DOCUMENTATION_COMMENTS = YES;
				CLANG_WARN_EMPTY_BODY = YES;
				CLANG_WARN_ENUM_CONVERSION = YES;
				CLANG_WARN_INFINITE_RECURSION = YES;
				CLANG_WARN_INT_CONVERSION = YES;
				CLANG_WARN_NON_LITERAL_NULL_CONVERSION = YES;
				CLANG_WARN_OBJC_IMPLICIT_RETAIN_SELF = YES;
				CLANG_WARN_OBJC_LITERAL_CONVERSION = YES;
				CLANG_WARN_OBJC_ROOT_CLASS = YES_ERROR;
				CLANG_WARN_QUOTED_INCLUDE_IN_FRAMEWORK_HEADER = YES;
				CLANG_WARN_RANGE_LOOP_ANALYSIS = YES;
				CLANG_WARN_STRICT_PROTOTYPES = YES;
				CLANG_WARN_SUSPICIOUS_MOVE = YES;
				CLANG_WARN_UNGUARDED_AVAILABILITY = YES_AGGRESSIVE;
				CLANG_WARN_UNREACHABLE_CODE = YES;
				CLANG_WARN__DUPLICATE_METHOD_MATCH = YES;
				COPY_PHASE_STRIP = NO;
				DEBUG_INFORMATION_FORMAT = "dwarf-with-dsym";
				ENABLE_NS_ASSERTIONS = NO;
				ENABLE_STRICT_OBJC_MSGSEND = YES;
				GCC_C_LANGUAGE_STANDARD = gnu11;
				GCC_NO_COMMON_BLOCKS = YES;
				GCC_WARN_64_TO_32_BIT_CONVERSION = YES;
				GCC_WARN_ABOUT_RETURN_TYPE = YES_ERROR;
				GCC_WARN_UNDECLARED_SELECTOR = YES;
				GCC_WARN_UNINITIALIZED_AUTOS = YES_AGGRESSIVE;
				GCC_WARN_UNUSED_FUNCTION = YES;
				GCC_WARN_UNUSED_VARIABLE = YES;
				IPHONEOS_DEPLOYMENT_TARGET = 16.2;
				MTL_ENABLE_DEBUG_INFO = NO;
				MTL_FAST_MATH = YES;
				SDKROOT = iphoneos;
				SWIFT_COMPILATION_MODE = wholemodule;
				SWIFT_OPTIMIZATION_LEVEL = "-O";
				VALIDATE_PRODUCT = YES;
			};
			name = Release;
		};
		F2404BCF29C0AB130050469E /* Debug */ = {
			isa = XCBuildConfiguration;
			buildSettings = {
				ASSETCATALOG_COMPILER_APPICON_NAME = AppIcon;
				ASSETCATALOG_COMPILER_GLOBAL_ACCENT_COLOR_NAME = AccentColor;
				CODE_SIGN_STYLE = Automatic;
				CURRENT_PROJECT_VERSION = 1;
				DEVELOPMENT_TEAM = 6W8T8P6246;
				GENERATE_INFOPLIST_FILE = YES;
				INFOPLIST_FILE = GenGen/Info.plist;
				INFOPLIST_KEY_UIApplicationSupportsIndirectInputEvents = YES;
				INFOPLIST_KEY_UILaunchStoryboardName = LaunchScreen;
				INFOPLIST_KEY_UISupportedInterfaceOrientations_iPad = "UIInterfaceOrientationPortrait UIInterfaceOrientationPortraitUpsideDown UIInterfaceOrientationLandscapeLeft UIInterfaceOrientationLandscapeRight";
				INFOPLIST_KEY_UISupportedInterfaceOrientations_iPhone = "UIInterfaceOrientationPortrait UIInterfaceOrientationLandscapeLeft UIInterfaceOrientationLandscapeRight";
				LD_RUNPATH_SEARCH_PATHS = (
					"$(inherited)",
					"@executable_path/Frameworks",
				);
				MARKETING_VERSION = 4.0.0;
				PRODUCT_BUNDLE_IDENTIFIER = com.tiwworks.GenGen;
				PRODUCT_NAME = "$(TARGET_NAME)";
				SWIFT_EMIT_LOC_STRINGS = YES;
				SWIFT_VERSION = 5.0;
				TARGETED_DEVICE_FAMILY = "1,2";
			};
			name = Debug;
		};
		F2404BD029C0AB130050469E /* Release */ = {
			isa = XCBuildConfiguration;
			buildSettings = {
				ASSETCATALOG_COMPILER_APPICON_NAME = AppIcon;
				ASSETCATALOG_COMPILER_GLOBAL_ACCENT_COLOR_NAME = AccentColor;
				CODE_SIGN_STYLE = Automatic;
				CURRENT_PROJECT_VERSION = 1;
				DEVELOPMENT_TEAM = 6W8T8P6246;
				GENERATE_INFOPLIST_FILE = YES;
				INFOPLIST_FILE = GenGen/Info.plist;
				INFOPLIST_KEY_UIApplicationSupportsIndirectInputEvents = YES;
				INFOPLIST_KEY_UILaunchStoryboardName = LaunchScreen;
				INFOPLIST_KEY_UISupportedInterfaceOrientations_iPad = "UIInterfaceOrientationPortrait UIInterfaceOrientationPortraitUpsideDown UIInterfaceOrientationLandscapeLeft UIInterfaceOrientationLandscapeRight";
				INFOPLIST_KEY_UISupportedInterfaceOrientations_iPhone = "UIInterfaceOrientationPortrait UIInterfaceOrientationLandscapeLeft UIInterfaceOrientationLandscapeRight";
				LD_RUNPATH_SEARCH_PATHS = (
					"$(inherited)",
					"@executable_path/Frameworks",
				);
				MARKETING_VERSION = 4.0.0;
				PRODUCT_BUNDLE_IDENTIFIER = com.tiwworks.GenGen;
				PRODUCT_NAME = "$(TARGET_NAME)";
				SWIFT_EMIT_LOC_STRINGS = YES;
				SWIFT_VERSION = 5.0;
				TARGETED_DEVICE_FAMILY = "1,2";
			};
			name = Release;
		};
		F2A9B09A29D79378004C646B /* Debug */ = {
			isa = XCBuildConfiguration;
			buildSettings = {
				BUNDLE_LOADER = "$(TEST_HOST)";
				CODE_SIGN_STYLE = Automatic;
				CURRENT_PROJECT_VERSION = 1;
				DEVELOPMENT_TEAM = 6W8T8P6246;
				GENERATE_INFOPLIST_FILE = YES;
				MARKETING_VERSION = 1.0;
				PRODUCT_BUNDLE_IDENTIFIER = com.tiwworks.GenGenTests;
				PRODUCT_NAME = "$(TARGET_NAME)";
				SWIFT_EMIT_LOC_STRINGS = NO;
				SWIFT_VERSION = 5.0;
				TARGETED_DEVICE_FAMILY = "1,2";
				TEST_HOST = "$(BUILT_PRODUCTS_DIR)/GenGen.app/$(BUNDLE_EXECUTABLE_FOLDER_PATH)/GenGen";
			};
			name = Debug;
		};
		F2A9B09B29D79378004C646B /* Release */ = {
			isa = XCBuildConfiguration;
			buildSettings = {
				BUNDLE_LOADER = "$(TEST_HOST)";
				CODE_SIGN_STYLE = Automatic;
				CURRENT_PROJECT_VERSION = 1;
				DEVELOPMENT_TEAM = 6W8T8P6246;
				GENERATE_INFOPLIST_FILE = YES;
				MARKETING_VERSION = 1.0;
				PRODUCT_BUNDLE_IDENTIFIER = com.tiwworks.GenGenTests;
				PRODUCT_NAME = "$(TARGET_NAME)";
				SWIFT_EMIT_LOC_STRINGS = NO;
				SWIFT_VERSION = 5.0;
				TARGETED_DEVICE_FAMILY = "1,2";
				TEST_HOST = "$(BUILT_PRODUCTS_DIR)/GenGen.app/$(BUNDLE_EXECUTABLE_FOLDER_PATH)/GenGen";
			};
			name = Release;
		};
/* End XCBuildConfiguration section */

/* Begin XCConfigurationList section */
		F2404BB529C0AB100050469E /* Build configuration list for PBXProject "GenGen" */ = {
			isa = XCConfigurationList;
			buildConfigurations = (
				F2404BCC29C0AB130050469E /* Debug */,
				F2404BCD29C0AB130050469E /* Release */,
			);
			defaultConfigurationIsVisible = 0;
			defaultConfigurationName = Release;
		};
		F2404BCE29C0AB130050469E /* Build configuration list for PBXNativeTarget "GenGen" */ = {
			isa = XCConfigurationList;
			buildConfigurations = (
				F2404BCF29C0AB130050469E /* Debug */,
				F2404BD029C0AB130050469E /* Release */,
			);
			defaultConfigurationIsVisible = 0;
			defaultConfigurationName = Release;
		};
		F2A9B09929D79378004C646B /* Build configuration list for PBXNativeTarget "GenGenTests" */ = {
			isa = XCConfigurationList;
			buildConfigurations = (
				F2A9B09A29D79378004C646B /* Debug */,
				F2A9B09B29D79378004C646B /* Release */,
			);
			defaultConfigurationIsVisible = 0;
			defaultConfigurationName = Release;
		};
/* End XCConfigurationList section */
	};
	rootObject = F2404BB229C0AB100050469E /* Project object */;
}
